<?xml version="1.0" encoding="utf-8"?>
<Project ToolsVersion="4.0" xmlns="http://schemas.microsoft.com/developer/msbuild/2003">
  <ItemGroup>
    <Filter Include="Source Files">
      <UniqueIdentifier>{4FC737F1-C7A5-4376-A066-2A32D752A2FF}</UniqueIdentifier>
      <Extensions>cpp;c;cc;cxx;def;odl;idl;hpj;bat;asm;asmx</Extensions>
    </Filter>
    <Filter Include="Resource Files">
      <UniqueIdentifier>{67DA6AB6-F800-4c08-8B7A-83BB121AAD01}</UniqueIdentifier>
      <Extensions>rc;ico;cur;bmp;dlg;rc2;rct;bin;rgs;gif;jpg;jpeg;jpe;resx;tiff;tif;png;wav;mfcribbon-ms</Extensions>
    </Filter>
    <Filter Include="Source Files\Objects">
      <UniqueIdentifier>{7ad5c615-454f-4996-9b8a-80d529d4ffb8}</UniqueIdentifier>
    </Filter>
    <Filter Include="Source Files\Events">
      <UniqueIdentifier>{55f39cef-180f-4e9f-8e8b-f2c09f00ec0a}</UniqueIdentifier>
    </Filter>
    <Filter Include="Source Files\Graphics">
      <UniqueIdentifier>{e8c0bd4e-ba7e-45f4-9492-7e6f05cd9716}</UniqueIdentifier>
    </Filter>
    <Filter Include="Source Files\Leaderboard">
      <UniqueIdentifier>{d05ad78c-cc38-42ae-8ef0-595dd729e37a}</UniqueIdentifier>
    </Filter>
    <Filter Include="Source Files\GameObject">
      <UniqueIdentifier>{2b45cd47-a27e-4926-a14e-c4ca91803020}</UniqueIdentifier>
    </Filter>
    <Filter Include="Source Files\GameObjectDrawer">
      <UniqueIdentifier>{c2451d0b-4bab-45b7-a5c4-fbab6c7f9e90}</UniqueIdentifier>
    </Filter>
    <Filter Include="Source Files\GameSprites">
      <UniqueIdentifier>{956c3888-2c9a-4ea8-9e7c-09dc5bed4e7f}</UniqueIdentifier>
    </Filter>
    <Filter Include="Source Files\GameSpaces">
      <UniqueIdentifier>{8831cf6f-b335-4536-b738-7a9a5089efd8}</UniqueIdentifier>
    </Filter>
    <Filter Include="Source Files\GameplayManager">
      <UniqueIdentifier>{b0e6aa60-fd50-44b0-9da3-88667ea48dcd}</UniqueIdentifier>
    </Filter>
  </ItemGroup>
  <ItemGroup>
    <ClCompile Include="Source\main.cpp">
      <Filter>Source Files</Filter>
    </ClCompile>
    <ClCompile Include="Source\Objects\ColourBlock.cpp">
      <Filter>Source Files\Objects</Filter>
    </ClCompile>
    <ClCompile Include="Source\EventHandler.cpp">
      <Filter>Source Files\Events</Filter>
    </ClCompile>
    <ClCompile Include="Graphics.cpp">
      <Filter>Source Files\Graphics</Filter>
    </ClCompile>
    <ClCompile Include="Source\Gameplay\GameplayManager.cpp">
      <Filter>Source Files\GameplayManager</Filter>
    </ClCompile>
    <ClCompile Include="Leaderboard.cpp">
      <Filter>Source Files\Leaderboard</Filter>
    </ClCompile>
    <ClCompile Include="GameObject.cpp">
      <Filter>Source Files\GameObject</Filter>
    </ClCompile>
    <ClCompile Include="GameObjectDrawer.cpp">
      <Filter>Source Files\GameObjectDrawer</Filter>
    </ClCompile>
    <ClCompile Include="GameSprites.cpp">
      <Filter>Source Files\GameSprites</Filter>
    </ClCompile>
  </ItemGroup>
  <ItemGroup>
    <ClInclude Include="Source\Objects\ColourBlock.h">
      <Filter>Source Files\Objects</Filter>
    </ClInclude>
    <ClInclude Include="Source\Objects\ObjData.h">
      <Filter>Source Files\Objects</Filter>
    </ClInclude>
    <ClInclude Include="Source\EventHandler.h">
      <Filter>Source Files\Events</Filter>
    </ClInclude>
    <ClInclude Include="Graphics.h">
      <Filter>Source Files\Graphics</Filter>
    </ClInclude>
    <ClInclude Include="Source\Gameplay\GameplayManager.h">
      <Filter>Source Files\GameplayManager</Filter>
    </ClInclude>
    <ClInclude Include="Leaderboard.h">
      <Filter>Source Files\Leaderboard</Filter>
    </ClInclude>
    <ClInclude Include="GameObject.h">
      <Filter>Source Files\GameObject</Filter>
    </ClInclude>
    <ClInclude Include="GameObjectDrawer.h">
      <Filter>Source Files\GameObjectDrawer</Filter>
    </ClInclude>
    <ClInclude Include="GameSprites.h">
      <Filter>Source Files\GameSprites</Filter>
    </ClInclude>
    <ClInclude Include="GameSpaces.h">
      <Filter>Source Files\GameSpaces</Filter>
    </ClInclude>
  </ItemGroup>
</Project>